
Microsoft Visual Studio Solution File, Format Version 12.00
# Visual Studio Version 17
VisualStudioVersion = 17.6.33723.286
MinimumVisualStudioVersion = 10.0.40219.1
Project("{FAE04EC0-301F-11D3-BF4B-00C04F79EFBC}") = "EntityFrameworkDB", "EntityFrameworkDB\EntityFrameworkDB.csproj", "{FC89ED34-99C8-4F2F-94E4-D1E5A007BE15}"
EndProject
Global
	GlobalSection(SolutionConfigurationPlatforms) = preSolution
		Debug|Any CPU = Debug|Any CPU
		Release|Any CPU = Release|Any CPU
	EndGlobalSection
	GlobalSection(ProjectConfigurationPlatforms) = postSolution
		{FC89ED34-99C8-4F2F-94E4-D1E5A007BE15}.Debug|Any CPU.ActiveCfg = Debug|Any CPU
		{FC89ED34-99C8-4F2F-94E4-D1E5A007BE15}.Debug|Any CPU.Build.0 = Debug|Any CPU
		{FC89ED34-99C8-4F2F-94E4-D1E5A007BE15}.Release|Any CPU.ActiveCfg = Release|Any CPU
		{FC89ED34-99C8-4F2F-94E4-D1E5A007BE15}.Release|Any CPU.Build.0 = Release|Any CPU
	EndGlobalSection
	GlobalSection(SolutionProperties) = preSolution
		HideSolutionNode = FALSE
	EndGlobalSection
	GlobalSection(ExtensibilityGlobals) = postSolution
		SolutionGuid = {13B74687-6476-46C6-A84B-B68AD74277FC}
	EndGlobalSection
EndGlobal
